// !$*UTF8*$!
{
	archiveVersion = 1;
	classes = {
	};
	objectVersion = 48;
	objects = {

/* Begin PBXBuildFile section */
		D9304297203B90B300B4E823 /* AppDelegate.swift in Sources */ = {isa = PBXBuildFile; fileRef = D9304296203B90B300B4E823 /* AppDelegate.swift */; };
		D9304299203B90B300B4E823 /* ViewController.swift in Sources */ = {isa = PBXBuildFile; fileRef = D9304298203B90B300B4E823 /* ViewController.swift */; };
		D930429C203B90B300B4E823 /* Main.storyboard in Resources */ = {isa = PBXBuildFile; fileRef = D930429A203B90B300B4E823 /* Main.storyboard */; };
		D930429E203B90B300B4E823 /* Assets.xcassets in Resources */ = {isa = PBXBuildFile; fileRef = D930429D203B90B300B4E823 /* Assets.xcassets */; };
		D93042A1203B90B300B4E823 /* LaunchScreen.storyboard in Resources */ = {isa = PBXBuildFile; fileRef = D930429F203B90B300B4E823 /* LaunchScreen.storyboard */; };
		D9AD78E1203BE40200ED18F8 /* QuizRepository.swift in Sources */ = {isa = PBXBuildFile; fileRef = D9AD78E0203BE40200ED18F8 /* QuizRepository.swift */; };
		D9AD78E3203C883B00ED18F8 /* QuestionViewController.swift in Sources */ = {isa = PBXBuildFile; fileRef = D9AD78E2203C883B00ED18F8 /* QuestionViewController.swift */; };
		D9AD78E5203C885C00ED18F8 /* AnswerViewController.swift in Sources */ = {isa = PBXBuildFile; fileRef = D9AD78E4203C885C00ED18F8 /* AnswerViewController.swift */; };
		D9AD78E9203CD3AB00ED18F8 /* EndViewController.swift in Sources */ = {isa = PBXBuildFile; fileRef = D9AD78E8203CD3AB00ED18F8 /* EndViewController.swift */; };
/* End PBXBuildFile section */

/* Begin PBXFileReference section */
		D9304293203B90B300B4E823 /* iQuiz.app */ = {isa = PBXFileReference; explicitFileType = wrapper.application; includeInIndex = 0; path = iQuiz.app; sourceTree = BUILT_PRODUCTS_DIR; };
		D9304296203B90B300B4E823 /* AppDelegate.swift */ = {isa = PBXFileReference; lastKnownFileType = sourcecode.swift; path = AppDelegate.swift; sourceTree = "<group>"; };
		D9304298203B90B300B4E823 /* ViewController.swift */ = {isa = PBXFileReference; lastKnownFileType = sourcecode.swift; path = ViewController.swift; sourceTree = "<group>"; };
		D930429B203B90B300B4E823 /* Base */ = {isa = PBXFileReference; lastKnownFileType = file.storyboard; name = Base; path = Base.lproj/Main.storyboard; sourceTree = "<group>"; };
		D930429D203B90B300B4E823 /* Assets.xcassets */ = {isa = PBXFileReference; lastKnownFileType = folder.assetcatalog; path = Assets.xcassets; sourceTree = "<group>"; };
		D93042A0203B90B300B4E823 /* Base */ = {isa = PBXFileReference; lastKnownFileType = file.storyboard; name = Base; path = Base.lproj/LaunchScreen.storyboard; sourceTree = "<group>"; };
		D93042A2203B90B300B4E823 /* Info.plist */ = {isa = PBXFileReference; lastKnownFileType = text.plist.xml; path = Info.plist; sourceTree = "<group>"; };
		D9AD78E0203BE40200ED18F8 /* QuizRepository.swift */ = {isa = PBXFileReference; lastKnownFileType = sourcecode.swift; path = QuizRepository.swift; sourceTree = "<group>"; };
		D9AD78E2203C883B00ED18F8 /* QuestionViewController.swift */ = {isa = PBXFileReference; lastKnownFileType = sourcecode.swift; path = QuestionViewController.swift; sourceTree = "<group>"; };
		D9AD78E4203C885C00ED18F8 /* AnswerViewController.swift */ = {isa = PBXFileReference; lastKnownFileType = sourcecode.swift; path = AnswerViewController.swift; sourceTree = "<group>"; };
		D9AD78E8203CD3AB00ED18F8 /* EndViewController.swift */ = {isa = PBXFileReference; lastKnownFileType = sourcecode.swift; path = EndViewController.swift; sourceTree = "<group>"; };
		D9AD78EA203CF44700ED18F8 /* swiftStdLib */ = {isa = PBXFileReference; lastKnownFileType = folder; path = swiftStdLib; sourceTree = "<group>"; };
/* End PBXFileReference section */

/* Begin PBXFrameworksBuildPhase section */
		D9304290203B90B300B4E823 /* Frameworks */ = {
			isa = PBXFrameworksBuildPhase;
			buildActionMask = 2147483647;
			files = (
			);
			runOnlyForDeploymentPostprocessing = 0;
		};
/* End PBXFrameworksBuildPhase section */

/* Begin PBXGroup section */
		D930428A203B90B300B4E823 = {
			isa = PBXGroup;
			children = (
				D9AD78EA203CF44700ED18F8 /* swiftStdLib */,
				D9304295203B90B300B4E823 /* iQuiz */,
				D9304294203B90B300B4E823 /* Products */,
			);
			sourceTree = "<group>";
		};
		D9304294203B90B300B4E823 /* Products */ = {
			isa = PBXGroup;
			children = (
				D9304293203B90B300B4E823 /* iQuiz.app */,
			);
			name = Products;
			sourceTree = "<group>";
		};
		D9304295203B90B300B4E823 /* iQuiz */ = {
			isa = PBXGroup;
			children = (
				D9304296203B90B300B4E823 /* AppDelegate.swift */,
				D9AD78E4203C885C00ED18F8 /* AnswerViewController.swift */,
				D9AD78E8203CD3AB00ED18F8 /* EndViewController.swift */,
				D9AD78E0203BE40200ED18F8 /* QuizRepository.swift */,
				D9AD78E2203C883B00ED18F8 /* QuestionViewController.swift */,
				D9304298203B90B300B4E823 /* ViewController.swift */,
				D930429A203B90B300B4E823 /* Main.storyboard */,
				D930429D203B90B300B4E823 /* Assets.xcassets */,
				D930429F203B90B300B4E823 /* LaunchScreen.storyboard */,
				D93042A2203B90B300B4E823 /* Info.plist */,
			);
			path = iQuiz;
			sourceTree = "<group>";
		};
/* End PBXGroup section */

/* Begin PBXNativeTarget section */
		D9304292203B90B300B4E823 /* iQuiz */ = {
			isa = PBXNativeTarget;
			buildConfigurationList = D93042A5203B90B300B4E823 /* Build configuration list for PBXNativeTarget "iQuiz" */;
			buildPhases = (
				D930428F203B90B300B4E823 /* Sources */,
				D9304290203B90B300B4E823 /* Frameworks */,
				D9304291203B90B300B4E823 /* Resources */,
			);
			buildRules = (
			);
			dependencies = (
			);
			name = iQuiz;
			productName = iQuiz;
			productReference = D9304293203B90B300B4E823 /* iQuiz.app */;
			productType = "com.apple.product-type.application";
		};
/* End PBXNativeTarget section */

/* Begin PBXProject section */
		D930428B203B90B300B4E823 /* Project object */ = {
			isa = PBXProject;
			attributes = {
				LastSwiftUpdateCheck = 0920;
				LastUpgradeCheck = 0920;
				ORGANIZATIONNAME = "Austin Quach";
				TargetAttributes = {
					D9304292203B90B300B4E823 = {
						CreatedOnToolsVersion = 9.2;
						ProvisioningStyle = Automatic;
					};
				};
			};
			buildConfigurationList = D930428E203B90B300B4E823 /* Build configuration list for PBXProject "iQuiz" */;
			compatibilityVersion = "Xcode 8.0";
			developmentRegion = en;
			hasScannedForEncodings = 0;
			knownRegions = (
				en,
				Base,
			);
			mainGroup = D930428A203B90B300B4E823;
			productRefGroup = D9304294203B90B300B4E823 /* Products */;
			projectDirPath = "";
			projectRoot = "";
			targets = (
				D9304292203B90B300B4E823 /* iQuiz */,
			);
		};
/* End PBXProject section */

/* Begin PBXResourcesBuildPhase section */
		D9304291203B90B300B4E823 /* Resources */ = {
			isa = PBXResourcesBuildPhase;
			buildActionMask = 2147483647;
			files = (
				D93042A1203B90B300B4E823 /* LaunchScreen.storyboard in Resources */,
				D930429E203B90B300B4E823 /* Assets.xcassets in Resources */,
				D930429C203B90B300B4E823 /* Main.storyboard in Resources */,
			);
			runOnlyForDeploymentPostprocessing = 0;
		};
/* End PBXResourcesBuildPhase section */

/* Begin PBXSourcesBuildPhase section */
		D930428F203B90B300B4E823 /* Sources */ = {
			isa = PBXSourcesBuildPhase;
			buildActionMask = 2147483647;
			files = (
				D9AD78E9203CD3AB00ED18F8 /* EndViewController.swift in Sources */,
				D9304299203B90B300B4E823 /* ViewController.swift in Sources */,
				D9304297203B90B300B4E823 /* AppDelegate.swift in Sources */,
				D9AD78E5203C885C00ED18F8 /* AnswerViewController.swift in Sources */,
				D9AD78E3203C883B00ED18F8 /* QuestionViewController.swift in Sources */,
				D9AD78E1203BE40200ED18F8 /* QuizRepository.swift in Sources */,
			);
			runOnlyForDeploymentPostprocessing = 0;
		};
/* End PBXSourcesBuildPhase section */

/* Begin PBXVariantGroup section */
		D930429A203B90B300B4E823 /* Main.storyboard */ = {
			isa = PBXVariantGroup;
			children = (
				D930429B203B90B300B4E823 /* Base */,
			);
			name = Main.storyboard;
			sourceTree = "<group>";
		};
		D930429F203B90B300B4E823 /* LaunchScreen.storyboard */ = {
			isa = PBXVariantGroup;
			children = (
				D93042A0203B90B300B4E823 /* Base */,
			);
			name = LaunchScreen.storyboard;
			sourceTree = "<group>";
		};
/* End PBXVariantGroup section */

/* Begin XCBuildConfiguration section */
		D93042A3203B90B300B4E823 /* Debug */ = {
			isa = XCBuildConfiguration;
			buildSettings = {
				ALWAYS_SEARCH_USER_PATHS = NO;
				CLANG_ANALYZER_NONNULL = YES;
				CLANG_ANALYZER_NUMBER_OBJECT_CONVERSION = YES_AGGRESSIVE;
				CLANG_CXX_LANGUAGE_STANDARD = "gnu++14";
				CLANG_CXX_LIBRARY = "libc++";
				CLANG_ENABLE_MODULES = YES;
				CLANG_ENABLE_OBJC_ARC = YES;
				CLANG_WARN_BLOCK_CAPTURE_AUTORELEASING = YES;
				CLANG_WARN_BOOL_CONVERSION = YES;
				CLANG_WARN_COMMA = YES;
				CLANG_WARN_CONSTANT_CONVERSION = YES;
				CLANG_WARN_DIRECT_OBJC_ISA_USAGE = YES_ERROR;
				CLANG_WARN_DOCUMENTATION_COMMENTS = YES;
				CLANG_WARN_EMPTY_BODY = YES;
				CLANG_WARN_ENUM_CONVERSION = YES;
				CLANG_WARN_INFINITE_RECURSION = YES;
				CLANG_WARN_INT_CONVERSION = YES;
				CLANG_WARN_NON_LITERAL_NULL_CONVERSION = YES;
				CLANG_WARN_OBJC_LITERAL_CONVERSION = YES;
				CLANG_WARN_OBJC_ROOT_CLASS = YES_ERROR;
				CLANG_WARN_RANGE_LOOP_ANALYSIS = YES;
				CLANG_WARN_STRICT_PROTOTYPES = YES;
				CLANG_WARN_SUSPICIOUS_MOVE = YES;
				CLANG_WARN_UNGUARDED_AVAILABILITY = YES_AGGRESSIVE;
				CLANG_WARN_UNREACHABLE_CODE = YES;
				CLANG_WARN__DUPLICATE_METHOD_MATCH = YES;
				CODE_SIGN_IDENTITY = "iPhone Developer";
				COPY_PHASE_STRIP = NO;
				DEBUG_INFORMATION_FORMAT = dwarf;
				ENABLE_STRICT_OBJC_MSGSEND = YES;
				ENABLE_TESTABILITY = YES;
				GCC_C_LANGUAGE_STANDARD = gnu11;
				GCC_DYNAMIC_NO_PIC = NO;
				GCC_NO_COMMON_BLOCKS = YES;
				GCC_OPTIMIZATION_LEVEL = 0;
				GCC_PREPROCESSOR_DEFINITIONS = (
					"DEBUG=1",
					"$(inherited)",
				);
				GCC_WARN_64_TO_32_BIT_CONVERSION = YES;
				GCC_WARN_ABOUT_RETURN_TYPE = YES_ERROR;
				GCC_WARN_UNDECLARED_SELECTOR = YES;
				GCC_WARN_UNINITIALIZED_AUTOS = YES_AGGRESSIVE;
				GCC_WARN_UNUSED_FUNCTION = YES;
				GCC_WARN_UNUSED_VARIABLE = YES;
				IPHONEOS_DEPLOYMENT_TARGET = 11.2;
				MTL_ENABLE_DEBUG_INFO = YES;
				ONLY_ACTIVE_ARCH = YES;
				SDKROOT = iphoneos;
				SWIFT_ACTIVE_COMPILATION_CONDITIONS = DEBUG;
				SWIFT_OPTIMIZATION_LEVEL = "-Onone";
			};
			name = Debug;
		};
		D93042A4203B90B300B4E823 /* Release */ = {
			isa = XCBuildConfiguration;
			buildSettings = {
				ALWAYS_SEARCH_USER_PATHS = NO;
				CLANG_ANALYZER_NONNULL = YES;
				CLANG_ANALYZER_NUMBER_OBJECT_CONVERSION = YES_AGGRESSIVE;
				CLANG_CXX_LANGUAGE_STANDARD = "gnu++14";
				CLANG_CXX_LIBRARY = "libc++";
				CLANG_ENABLE_MODULES = YES;
				CLANG_ENABLE_OBJC_ARC = YES;
				CLANG_WARN_BLOCK_CAPTURE_AUTORELEASING = YES;
				CLANG_WARN_BOOL_CONVERSION = YES;
				CLANG_WARN_COMMA = YES;
				CLANG_WARN_CONSTANT_CONVERSION = YES;
				CLANG_WARN_DIRECT_OBJC_ISA_USAGE = YES_ERROR;
				CLANG_WARN_DOCUMENTATION_COMMENTS = YES;
				CLANG_WARN_EMPTY_BODY = YES;
				CLANG_WARN_ENUM_CONVERSION = YES;
				CLANG_WARN_INFINITE_RECURSION = YES;
				CLANG_WARN_INT_CONVERSION = YES;
				CLANG_WARN_NON_LITERAL_NULL_CONVERSION = YES;
				CLANG_WARN_OBJC_LITERAL_CONVERSION = YES;
				CLANG_WARN_OBJC_ROOT_CLASS = YES_ERROR;
				CLANG_WARN_RANGE_LOOP_ANALYSIS = YES;
				CLANG_WARN_STRICT_PROTOTYPES = YES;
				CLANG_WARN_SUSPICIOUS_MOVE = YES;
				CLANG_WARN_UNGUARDED_AVAILABILITY = YES_AGGRESSIVE;
				CLANG_WARN_UNREACHABLE_CODE = YES;
				CLANG_WARN__DUPLICATE_METHOD_MATCH = YES;
				CODE_SIGN_IDENTITY = "iPhone Developer";
				COPY_PHASE_STRIP = NO;
				DEBUG_INFORMATION_FORMAT = "dwarf-with-dsym";
				ENABLE_NS_ASSERTIONS = NO;
				ENABLE_STRICT_OBJC_MSGSEND = YES;
				GCC_C_LANGUAGE_STANDARD = gnu11;
				GCC_NO_COMMON_BLOCKS = YES;
				GCC_WARN_64_TO_32_BIT_CONVERSION = YES;
				GCC_WARN_ABOUT_RETURN_TYPE = YES_ERROR;
				GCC_WARN_UNDECLARED_SELECTOR = YES;
				GCC_WARN_UNINITIALIZED_AUTOS = YES_AGGRESSIVE;
				GCC_WARN_UNUSED_FUNCTION = YES;
				GCC_WARN_UNUSED_VARIABLE = YES;
				IPHONEOS_DEPLOYMENT_TARGET = 11.2;
				MTL_ENABLE_DEBUG_INFO = NO;
				SDKROOT = iphoneos;
				SWIFT_OPTIMIZATION_LEVEL = "-Owholemodule";
				VALIDATE_PRODUCT = YES;
			};
			name = Release;
		};
		D93042A6203B90B300B4E823 /* Debug */ = {
			isa = XCBuildConfiguration;
			buildSettings = {
				ASSETCATALOG_COMPILER_APPICON_NAME = AppIcon;
				CODE_SIGN_STYLE = Automatic;
				DEVELOPMENT_TEAM = DD4HT9LN9C;
				INFOPLIST_FILE = iQuiz/Info.plist;
				LD_RUNPATH_SEARCH_PATHS = "$(inherited) @executable_path/Frameworks";
				PRODUCT_BUNDLE_IDENTIFIER = org.github.ryukiri.iQuiz;
				PRODUCT_NAME = "$(TARGET_NAME)";
				SWIFT_VERSION = 4.0;
				TARGETED_DEVICE_FAMILY = "1,2";
			};
			name = Debug;
		};
		D93042A7203B90B300B4E823 /* Release */ = {
			isa = XCBuildConfiguration;
			buildSettings = {
				ASSETCATALOG_COMPILER_APPICON_NAME = AppIcon;
				CODE_SIGN_STYLE = Automatic;
				DEVELOPMENT_TEAM = DD4HT9LN9C;
				INFOPLIST_FILE = iQuiz/Info.plist;
				LD_RUNPATH_SEARCH_PATHS = "$(inherited) @executable_path/Frameworks";
				PRODUCT_BUNDLE_IDENTIFIER = org.github.ryukiri.iQuiz;
				PRODUCT_NAME = "$(TARGET_NAME)";
				SWIFT_VERSION = 4.0;
				TARGETED_DEVICE_FAMILY = "1,2";
			};
			name = Release;
		};
/* End XCBuildConfiguration section */

/* Begin XCConfigurationList section */
		D930428E203B90B300B4E823 /* Build configuration list for PBXProject "iQuiz" */ = {
			isa = XCConfigurationList;
			buildConfigurations = (
				D93042A3203B90B300B4E823 /* Debug */,
				D93042A4203B90B300B4E823 /* Release */,
			);
			defaultConfigurationIsVisible = 0;
			defaultConfigurationName = Release;
		};
		D93042A5203B90B300B4E823 /* Build configuration list for PBXNativeTarget "iQuiz" */ = {
			isa = XCConfigurationList;
			buildConfigurations = (
				D93042A6203B90B300B4E823 /* Debug */,
				D93042A7203B90B300B4E823 /* Release */,
			);
			defaultConfigurationIsVisible = 0;
			defaultConfigurationName = Release;
		};
/* End XCConfigurationList section */
	};
	rootObject = D930428B203B90B300B4E823 /* Project object */;
}
